
Microsoft Visual Studio Solution File, Format Version 12.00
# Visual Studio Version 16
VisualStudioVersion = 16.0.32228.343
MinimumVisualStudioVersion = 10.0.40219.1
Project("{FAE04EC0-301F-11D3-BF4B-00C04F79EFBC}") = "ConsoleApp1", "ConsoleApp1.csproj", "{9CB2C0E2-356A-4169-9CF3-580D71ADED84}"
EndProject
Global
	GlobalSection(SolutionConfigurationPlatforms) = preSolution
		Debug|Any CPU = Debug|Any CPU
		Release|Any CPU = Release|Any CPU
	EndGlobalSection
	GlobalSection(ProjectConfigurationPlatforms) = postSolution
		{9CB2C0E2-356A-4169-9CF3-580D71ADED84}.Debug|Any CPU.ActiveCfg = Debug|Any CPU
		{9CB2C0E2-356A-4169-9CF3-580D71ADED84}.Debug|Any CPU.Build.0 = Debug|Any CPU
		{9CB2C0E2-356A-4169-9CF3-580D71ADED84}.Release|Any CPU.ActiveCfg = Release|Any CPU
		{9CB2C0E2-356A-4169-9CF3-580D71ADED84}.Release|Any CPU.Build.0 = Release|Any CPU
	EndGlobalSection
	GlobalSection(SolutionProperties) = preSolution
		HideSolutionNode = FALSE
	EndGlobalSection
	GlobalSection(ExtensibilityGlobals) = postSolution
		SolutionGuid = {EB84CFDA-5B47-4646-AA2D-560369C1565F}
	EndGlobalSection
EndGlobal
